
Microsoft Visual Studio Solution File, Format Version 12.00
# Visual Studio Version 17
VisualStudioVersion = 17.0.31903.59
MinimumVisualStudioVersion = 10.0.40219.1
Project("{FAE04EC0-301F-11D3-BF4B-00C04F79EFBC}") = "Multiple-CheckBox-Save into Database", "Multiple-CheckBox-Save into Database\Multiple-CheckBox-Save into Database.csproj", "{68E6BFDB-9F8A-4349-A6B4-E8099B179671}"
EndProject
Global
	GlobalSection(SolutionConfigurationPlatforms) = preSolution
		Debug|Any CPU = Debug|Any CPU
		Release|Any CPU = Release|Any CPU
	EndGlobalSection
	GlobalSection(ProjectConfigurationPlatforms) = postSolution
		{68E6BFDB-9F8A-4349-A6B4-E8099B179671}.Debug|Any CPU.ActiveCfg = Debug|Any CPU
		{68E6BFDB-9F8A-4349-A6B4-E8099B179671}.Debug|Any CPU.Build.0 = Debug|Any CPU
		{68E6BFDB-9F8A-4349-A6B4-E8099B179671}.Release|Any CPU.ActiveCfg = Release|Any CPU
		{68E6BFDB-9F8A-4349-A6B4-E8099B179671}.Release|Any CPU.Build.0 = Release|Any CPU
	EndGlobalSection
	GlobalSection(SolutionProperties) = preSolution
		HideSolutionNode = FALSE
	EndGlobalSection
	GlobalSection(ExtensibilityGlobals) = postSolution
		SolutionGuid = {CCA93B27-49E6-41A3-BC35-397D0EAB950C}
	EndGlobalSection
EndGlobal
